<?xml version="1.0" encoding="utf-8"?>
<Project ToolsVersion="4.0" xmlns="http://schemas.microsoft.com/developer/msbuild/2003">
  <ItemGroup>
    <ClInclude Include="include\definitions\colors.h" />
    <ClInclude Include="include\ECS\components\hitBox2D.h" />
    <ClInclude Include="include\ECS\components\position2D.h" />
    <ClInclude Include="include\ECS\components\transform2D.h" />
    <ClInclude Include="include\ECS\componentTypes.h" />
    <ClInclude Include="include\ECS\gameObjects.h" />
    <ClInclude Include="include\math\vectors.h" />
    <ClInclude Include="include\rendering\drawing.h" />
    <ClInclude Include="include\resources\resources.h" />
    <ClInclude Include="include\runtime\gameLoop.h" />
    <ClInclude Include="include\runtime\messageHandler.h" />
    <ClInclude Include="include\runtime\winMain.h" />
    <ClInclude Include="include\myStandards.h" />
    <ClInclude Include="include\definitions\errorCodes.h" />
    <ClInclude Include="include\rendering\ECSComponentsDrawing\drawHitBox2D.h" />
  </ItemGroup>
  <ItemGroup>
    <ResourceCompile Include="resources\resources.rc" />
  </ItemGroup>
  <ItemGroup>
    <ClCompile Include="src\ECS\components\hitBox2D.c" />
    <ClCompile Include="src\ECS\components\position2D.c" />
    <ClCompile Include="src\ECS\gameObjects.c" />
    <ClCompile Include="src\math\vectors.c" />
    <ClCompile Include="src\rendering\drawing.c" />
    <ClCompile Include="src\runtime\gameLoop.c" />
    <ClCompile Include="src\runtime\messageHandler.c" />
    <ClCompile Include="src\winMain.c" />
    <ClCompile Include="src\myStandards.c" />
    <ClCompile Include="src\rendering\ECSComponentsDrawing\drawHitBox2D.c" />
  </ItemGroup>
</Project>