
Microsoft Visual Studio Solution File, Format Version 12.00
# Visual Studio Version 17
VisualStudioVersion = 17.14.36401.2
MinimumVisualStudioVersion = 10.0.40219.1
Project("{8BC9CEB8-8B4A-11D0-8D11-00A0C91BC942}") = "ECS", "ECS\ECS.vcxproj", "{E55A7699-E4F4-41EE-99E1-F2F5E5098FCA}"
EndProject
Project("{8BC9CEB8-8B4A-11D0-8D11-00A0C91BC942}") = "Renderer", "Renderer\Renderer.vcxproj", "{3472EBFE-6E2B-4935-A989-49EB6BC5990A}"
EndProject
Project("{8BC9CEB8-8B4A-11D0-8D11-00A0C91BC942}") = "TrashForReference", "TrashForReference\TrashForReference.vcxproj", "{9998C4C9-1078-49C5-A354-66384D3DFAEE}"
EndProject
Project("{8BC9CEB8-8B4A-11D0-8D11-00A0C91BC942}") = "Runtime", "Runtime\Runtime.vcxproj", "{F1BDEE05-55AD-4507-B80F-494BB17F649E}"
	ProjectSection(ProjectDependencies) = postProject
		{3472EBFE-6E2B-4935-A989-49EB6BC5990A} = {3472EBFE-6E2B-4935-A989-49EB6BC5990A}
		{E55A7699-E4F4-41EE-99E1-F2F5E5098FCA} = {E55A7699-E4F4-41EE-99E1-F2F5E5098FCA}
	EndProjectSection
EndProject
Project("{8BC9CEB8-8B4A-11D0-8D11-00A0C91BC942}") = "testGame", "testGame\testGame.vcxproj", "{584826AC-7FE8-44F7-A533-5CBD4D0E136A}"
EndProject
Global
	GlobalSection(SolutionConfigurationPlatforms) = preSolution
		Debug|x64 = Debug|x64
		Debug|x86 = Debug|x86
		Release|x64 = Release|x64
		Release|x86 = Release|x86
	EndGlobalSection
	GlobalSection(ProjectConfigurationPlatforms) = postSolution
		{E55A7699-E4F4-41EE-99E1-F2F5E5098FCA}.Debug|x64.ActiveCfg = Debug|x64
		{E55A7699-E4F4-41EE-99E1-F2F5E5098FCA}.Debug|x64.Build.0 = Debug|x64
		{E55A7699-E4F4-41EE-99E1-F2F5E5098FCA}.Debug|x86.ActiveCfg = Debug|Win32
		{E55A7699-E4F4-41EE-99E1-F2F5E5098FCA}.Debug|x86.Build.0 = Debug|Win32
		{E55A7699-E4F4-41EE-99E1-F2F5E5098FCA}.Release|x64.ActiveCfg = Release|x64
		{E55A7699-E4F4-41EE-99E1-F2F5E5098FCA}.Release|x64.Build.0 = Release|x64
		{E55A7699-E4F4-41EE-99E1-F2F5E5098FCA}.Release|x86.ActiveCfg = Release|Win32
		{E55A7699-E4F4-41EE-99E1-F2F5E5098FCA}.Release|x86.Build.0 = Release|Win32
		{3472EBFE-6E2B-4935-A989-49EB6BC5990A}.Debug|x64.ActiveCfg = Debug|x64
		{3472EBFE-6E2B-4935-A989-49EB6BC5990A}.Debug|x64.Build.0 = Debug|x64
		{3472EBFE-6E2B-4935-A989-49EB6BC5990A}.Debug|x86.ActiveCfg = Debug|Win32
		{3472EBFE-6E2B-4935-A989-49EB6BC5990A}.Debug|x86.Build.0 = Debug|Win32
		{3472EBFE-6E2B-4935-A989-49EB6BC5990A}.Release|x64.ActiveCfg = Release|x64
		{3472EBFE-6E2B-4935-A989-49EB6BC5990A}.Release|x64.Build.0 = Release|x64
		{3472EBFE-6E2B-4935-A989-49EB6BC5990A}.Release|x86.ActiveCfg = Release|Win32
		{3472EBFE-6E2B-4935-A989-49EB6BC5990A}.Release|x86.Build.0 = Release|Win32
		{9998C4C9-1078-49C5-A354-66384D3DFAEE}.Debug|x64.ActiveCfg = Debug|x64
		{9998C4C9-1078-49C5-A354-66384D3DFAEE}.Debug|x64.Build.0 = Debug|x64
		{9998C4C9-1078-49C5-A354-66384D3DFAEE}.Debug|x86.ActiveCfg = Debug|Win32
		{9998C4C9-1078-49C5-A354-66384D3DFAEE}.Debug|x86.Build.0 = Debug|Win32
		{9998C4C9-1078-49C5-A354-66384D3DFAEE}.Release|x64.ActiveCfg = Release|x64
		{9998C4C9-1078-49C5-A354-66384D3DFAEE}.Release|x64.Build.0 = Release|x64
		{9998C4C9-1078-49C5-A354-66384D3DFAEE}.Release|x86.ActiveCfg = Release|Win32
		{9998C4C9-1078-49C5-A354-66384D3DFAEE}.Release|x86.Build.0 = Release|Win32
		{F1BDEE05-55AD-4507-B80F-494BB17F649E}.Debug|x64.ActiveCfg = Debug|x64
		{F1BDEE05-55AD-4507-B80F-494BB17F649E}.Debug|x64.Build.0 = Debug|x64
		{F1BDEE05-55AD-4507-B80F-494BB17F649E}.Debug|x86.ActiveCfg = Debug|Win32
		{F1BDEE05-55AD-4507-B80F-494BB17F649E}.Debug|x86.Build.0 = Debug|Win32
		{F1BDEE05-55AD-4507-B80F-494BB17F649E}.Release|x64.ActiveCfg = Release|x64
		{F1BDEE05-55AD-4507-B80F-494BB17F649E}.Release|x64.Build.0 = Release|x64
		{F1BDEE05-55AD-4507-B80F-494BB17F649E}.Release|x86.ActiveCfg = Release|Win32
		{F1BDEE05-55AD-4507-B80F-494BB17F649E}.Release|x86.Build.0 = Release|Win32
		{584826AC-7FE8-44F7-A533-5CBD4D0E136A}.Debug|x64.ActiveCfg = Debug|x64
		{584826AC-7FE8-44F7-A533-5CBD4D0E136A}.Debug|x64.Build.0 = Debug|x64
		{584826AC-7FE8-44F7-A533-5CBD4D0E136A}.Debug|x86.ActiveCfg = Debug|Win32
		{584826AC-7FE8-44F7-A533-5CBD4D0E136A}.Debug|x86.Build.0 = Debug|Win32
		{584826AC-7FE8-44F7-A533-5CBD4D0E136A}.Release|x64.ActiveCfg = Release|x64
		{584826AC-7FE8-44F7-A533-5CBD4D0E136A}.Release|x64.Build.0 = Release|x64
		{584826AC-7FE8-44F7-A533-5CBD4D0E136A}.Release|x86.ActiveCfg = Release|Win32
		{584826AC-7FE8-44F7-A533-5CBD4D0E136A}.Release|x86.Build.0 = Release|Win32
	EndGlobalSection
	GlobalSection(SolutionProperties) = preSolution
		HideSolutionNode = FALSE
	EndGlobalSection
	GlobalSection(ExtensibilityGlobals) = postSolution
		SolutionGuid = {216DF867-6ABD-402D-A0AB-EDDF77AFCDCB}
	EndGlobalSection
EndGlobal
