<?xml version="1.0" encoding="utf-8"?>
<Project ToolsVersion="4.0" xmlns="http://schemas.microsoft.com/developer/msbuild/2003">
  <ItemGroup>
    <ClInclude Include="internalInclude\definitions\colors.h" />
    <ClInclude Include="include\ECS\components\hitBox2D.h" />
    <ClInclude Include="include\ECS\components\position2D.h" />
    <ClInclude Include="include\ECS\components\transform2D.h" />
    <ClInclude Include="include\ECS\componentTypes.h" />
    <ClInclude Include="include\ECS\gameObjects.h" />
    <ClInclude Include="include\math\vectors.h" />
    <ClInclude Include="internalInclude\myStandards.h" />
    <ClInclude Include="include\definitions\errorCodes.h" />
    <ClInclude Include="internalInclude\definitions\defaultValues.h" />
    <ClInclude Include="internalInclude\errors\errorCodes.h" />
    <ClInclude Include="internalInclude\errors\errorHandling.h" />
    <ClInclude Include="include\ECS\scenes.h" />
    <ClInclude Include="internalInclude\definitions\aliases.h" />
    <ClInclude Include="ZZZTestRuntime\zzzTestMain.h" />
    <ClInclude Include="internalInclude\ECS\components\hitBox2D.h" />
    <ClInclude Include="internalInclude\ECS\components\position2D.h" />
    <ClInclude Include="internalInclude\ECS\components\transform2D.h" />
    <ClInclude Include="internalInclude\ECS\componentTypes.h" />
    <ClInclude Include="internalInclude\ECS\gameObjects.h" />
    <ClInclude Include="internalInclude\ECS\scenes.h" />
    <ClInclude Include="include\definitions\aliases.h" />
    <ClInclude Include="include\definitions\colors.h" />
    <ClInclude Include="include\definitions\defaultValues.h" />
    <ClInclude Include="include\errors\errorCodes.h" />
    <ClInclude Include="include\errors\errorHandling.h" />
    <ClInclude Include="internalInclude\math\vectors.h" />
    <ClInclude Include="include\myStandards.h" />
    <ClInclude Include="include\ECStypes.h" />
    <ClInclude Include="include\ECS.h" />
    <ClInclude Include="include\ECSStandards.h" />
    <ClInclude Include="internalInclude\ECS\components\physics2D.h" />
  </ItemGroup>
  <ItemGroup>
    <ClCompile Include="src\ECS\gameObjects.c" />
    <ClCompile Include="src\math\vectors.c" />
    <ClCompile Include="src\myStandards.c" />
    <ClCompile Include="src\ECS\components\position2D.c" />
    <ClCompile Include="src\ECS\components\transform2D.c" />
    <ClCompile Include="src\ECS\components\hitBox2D.c" />
    <ClCompile Include="src\errors\errorHandling.c" />
    <ClCompile Include="src\ECS\scenes.c" />
    <ClCompile Include="src\ECS\componentTypes.c" />
    <ClCompile Include="ZZZTestRuntime\zzzTestMain.c" />
    <ClCompile Include="src\ECS\components\physics2D.c" />
  </ItemGroup>
</Project>