<?xml version="1.0" encoding="utf-8"?>
<Project ToolsVersion="4.0" xmlns="http://schemas.microsoft.com/developer/msbuild/2003">
  <ItemGroup>
    <ClCompile Include="test\main.c" />
    <ClCompile Include="internal\renderer\rendererObject\rendererObject.c" />
    <ClCompile Include="internal\renderer\spriteData\spriteData.c" />
    <ClCompile Include="internal\renderer\layer\layer.c" />
    <ClCompile Include="internal\renderer\module\rendererModule.c" />
    <ClCompile Include="internal\renderer\shader\shader\shader.c" />
    <ClCompile Include="internal\renderer\texture\texture.c" />
  </ItemGroup>
  <ItemGroup>
    <ClInclude Include="GLAD\include\glad\glad.h" />
    <ClInclude Include="GLAD\include\KHR\khrplatform.h" />
    <ClInclude Include="test\main.h" />
    <ClInclude Include="internal\renderer\rendererObject\rendererObject.h" />
    <ClInclude Include="internal\renderer\types_internal.h" />
    <ClInclude Include="internal\renderer\spriteData\spriteData_internal.h" />
    <ClInclude Include="internal\renderer\layer\layer_internal.h" />
    <ClInclude Include="internal\renderer\module\rendererModule_internal.h" />
    <ClInclude Include="internal\renderer\shader\shader\shader.h" />
    <ClInclude Include="internal\renderer\texture\texture_internal.h" />
  </ItemGroup>
</Project>